// !$*UTF8*$!
{
	archiveVersion = 1;
	classes = {
	};
	objectVersion = 51;
	objects = {

/* Begin PBXBuildFile section */
		2B802F9525448A0400E495FB /* LocationCollectionViewCell.swift in Sources */ = {isa = PBXBuildFile; fileRef = 2B802F9425448A0400E495FB /* LocationCollectionViewCell.swift */; };
		2B802F9A2545D42100E495FB /* LaunchScreen.storyboard in Resources */ = {isa = PBXBuildFile; fileRef = 2B802F992545D42100E495FB /* LaunchScreen.storyboard */; };
		2B802FA02545DDF800E495FB /* EpisodeCollectionViewCell.swift in Sources */ = {isa = PBXBuildFile; fileRef = 2B802F9F2545DDF800E495FB /* EpisodeCollectionViewCell.swift */; };
		2B827F45253E8E5B00B3866C /* AppDelegate.swift in Sources */ = {isa = PBXBuildFile; fileRef = 2B827F44253E8E5B00B3866C /* AppDelegate.swift */; };
		2B827F49253E8E5B00B3866C /* ViewController.swift in Sources */ = {isa = PBXBuildFile; fileRef = 2B827F48253E8E5B00B3866C /* ViewController.swift */; };
		2B827F4E253E8E6600B3866C /* Assets.xcassets in Resources */ = {isa = PBXBuildFile; fileRef = 2B827F4D253E8E6600B3866C /* Assets.xcassets */; };
		2B827F6C253E903D00B3866C /* BaseView.swift in Sources */ = {isa = PBXBuildFile; fileRef = 2B827F66253E903D00B3866C /* BaseView.swift */; };
		2B827F6D253E903D00B3866C /* BaseViewController.swift in Sources */ = {isa = PBXBuildFile; fileRef = 2B827F67253E903D00B3866C /* BaseViewController.swift */; };
		2B827F6E253E903D00B3866C /* BaseViewDisplayable.swift in Sources */ = {isa = PBXBuildFile; fileRef = 2B827F68253E903D00B3866C /* BaseViewDisplayable.swift */; };
		2B827F6F253E903D00B3866C /* BaseRouter.swift in Sources */ = {isa = PBXBuildFile; fileRef = 2B827F69253E903D00B3866C /* BaseRouter.swift */; };
		2B827F70253E903D00B3866C /* BaseScrollabelView.swift in Sources */ = {isa = PBXBuildFile; fileRef = 2B827F6A253E903D00B3866C /* BaseScrollabelView.swift */; };
		2B827F71253E903D00B3866C /* BaseAPIResponse.swift in Sources */ = {isa = PBXBuildFile; fileRef = 2B827F6B253E903D00B3866C /* BaseAPIResponse.swift */; };
		2B827F9A253E924100B3866C /* UIView+COOP.swift in Sources */ = {isa = PBXBuildFile; fileRef = 2B827F96253E924100B3866C /* UIView+COOP.swift */; };
		2B827F9B253E924100B3866C /* UITableView+COOP.swift in Sources */ = {isa = PBXBuildFile; fileRef = 2B827F97253E924100B3866C /* UITableView+COOP.swift */; };
		2B827F9C253E924100B3866C /* SnapKit+COOP.swift in Sources */ = {isa = PBXBuildFile; fileRef = 2B827F98253E924100B3866C /* SnapKit+COOP.swift */; };
		2B827F9D253E924100B3866C /* UICollectionView+COOP.swift in Sources */ = {isa = PBXBuildFile; fileRef = 2B827F99253E924100B3866C /* UICollectionView+COOP.swift */; };
		2B827FA4253E927100B3866C /* ViewProperty.swift in Sources */ = {isa = PBXBuildFile; fileRef = 2B827FA0253E927100B3866C /* ViewProperty.swift */; };
		2B827FA5253E927100B3866C /* ButtonProperty.swift in Sources */ = {isa = PBXBuildFile; fileRef = 2B827FA1253E927100B3866C /* ButtonProperty.swift */; };
		2B827FA6253E927100B3866C /* Spacing.swift in Sources */ = {isa = PBXBuildFile; fileRef = 2B827FA2253E927100B3866C /* Spacing.swift */; };
		2B827FA7253E927100B3866C /* FontProperty.swift in Sources */ = {isa = PBXBuildFile; fileRef = 2B827FA3253E927100B3866C /* FontProperty.swift */; };
		2B827FC0253E95E800B3866C /* Label.swift in Sources */ = {isa = PBXBuildFile; fileRef = 2B827FBF253E95E800B3866C /* Label.swift */; };
		2B827FCA253E981200B3866C /* CharacterModel.swift in Sources */ = {isa = PBXBuildFile; fileRef = 2B827FC9253E981200B3866C /* CharacterModel.swift */; };
		2B827FCD253E982100B3866C /* LocationModel.swift in Sources */ = {isa = PBXBuildFile; fileRef = 2B827FCC253E982100B3866C /* LocationModel.swift */; };
		2B827FD0253E983000B3866C /* EpisodeModel.swift in Sources */ = {isa = PBXBuildFile; fileRef = 2B827FCF253E983000B3866C /* EpisodeModel.swift */; };
		2B827FD3253E99AD00B3866C /* ApiProtoType.swift in Sources */ = {isa = PBXBuildFile; fileRef = 2B827FD2253E99AD00B3866C /* ApiProtoType.swift */; };
		2B827FD6253E9B0800B3866C /* ApiServiceProvider.swift in Sources */ = {isa = PBXBuildFile; fileRef = 2B827FD5253E9B0800B3866C /* ApiServiceProvider.swift */; };
		2B827FD9253E9B5900B3866C /* ApiProvider.swift in Sources */ = {isa = PBXBuildFile; fileRef = 2B827FD8253E9B5800B3866C /* ApiProvider.swift */; };
		2B827FE2253E9CE200B3866C /* SelectPresenter.swift in Sources */ = {isa = PBXBuildFile; fileRef = 2B827FDE253E9CE200B3866C /* SelectPresenter.swift */; };
		2B827FE3253E9CE200B3866C /* SelectRouter.swift in Sources */ = {isa = PBXBuildFile; fileRef = 2B827FDF253E9CE200B3866C /* SelectRouter.swift */; };
		2B827FE4253E9CE200B3866C /* SelectViewController.swift in Sources */ = {isa = PBXBuildFile; fileRef = 2B827FE0253E9CE200B3866C /* SelectViewController.swift */; };
		2B827FE5253E9CE200B3866C /* SelectView.swift in Sources */ = {isa = PBXBuildFile; fileRef = 2B827FE1253E9CE200B3866C /* SelectView.swift */; };
		2B827FEE253EC81200B3866C /* CharacterPresenter.swift in Sources */ = {isa = PBXBuildFile; fileRef = 2B827FEA253EC81200B3866C /* CharacterPresenter.swift */; };
		2B827FEF253EC81200B3866C /* CharacterRouter.swift in Sources */ = {isa = PBXBuildFile; fileRef = 2B827FEB253EC81200B3866C /* CharacterRouter.swift */; };
		2B827FF0253EC81200B3866C /* CharacterViewController.swift in Sources */ = {isa = PBXBuildFile; fileRef = 2B827FEC253EC81200B3866C /* CharacterViewController.swift */; };
		2B827FF1253EC81200B3866C /* CharacterView.swift in Sources */ = {isa = PBXBuildFile; fileRef = 2B827FED253EC81200B3866C /* CharacterView.swift */; };
		2B82800F253ECC8600B3866C /* LocationPresenter.swift in Sources */ = {isa = PBXBuildFile; fileRef = 2B82800B253ECC8500B3866C /* LocationPresenter.swift */; };
		2B828010253ECC8600B3866C /* LocationRouter.swift in Sources */ = {isa = PBXBuildFile; fileRef = 2B82800C253ECC8600B3866C /* LocationRouter.swift */; };
		2B828011253ECC8600B3866C /* LocationViewController.swift in Sources */ = {isa = PBXBuildFile; fileRef = 2B82800D253ECC8600B3866C /* LocationViewController.swift */; };
		2B828012253ECC8600B3866C /* LocationView.swift in Sources */ = {isa = PBXBuildFile; fileRef = 2B82800E253ECC8600B3866C /* LocationView.swift */; };
		2B828018253ECC9500B3866C /* EpisodePresenter.swift in Sources */ = {isa = PBXBuildFile; fileRef = 2B828014253ECC9500B3866C /* EpisodePresenter.swift */; };
		2B828019253ECC9500B3866C /* EpisodeRouter.swift in Sources */ = {isa = PBXBuildFile; fileRef = 2B828015253ECC9500B3866C /* EpisodeRouter.swift */; };
		2B82801A253ECC9500B3866C /* EpisodeViewController.swift in Sources */ = {isa = PBXBuildFile; fileRef = 2B828016253ECC9500B3866C /* EpisodeViewController.swift */; };
		2B82801B253ECC9500B3866C /* EpisodeView.swift in Sources */ = {isa = PBXBuildFile; fileRef = 2B828017253ECC9500B3866C /* EpisodeView.swift */; };
		2B828037253EE07900B3866C /* View.swift in Sources */ = {isa = PBXBuildFile; fileRef = 2B828036253EE07900B3866C /* View.swift */; };
		2B82803A253EE0C800B3866C /* Botton.swift in Sources */ = {isa = PBXBuildFile; fileRef = 2B828039253EE0C800B3866C /* Botton.swift */; };
		2B82803F253EE42C00B3866C /* CharacterTableViewCell.swift in Sources */ = {isa = PBXBuildFile; fileRef = 2B82803E253EE42C00B3866C /* CharacterTableViewCell.swift */; };
		2B828047253F36F000B3866C /* CharacterDetailPresenter.swift in Sources */ = {isa = PBXBuildFile; fileRef = 2B828043253F36F000B3866C /* CharacterDetailPresenter.swift */; };
		2B828048253F36F000B3866C /* CharacterDetailRouter.swift in Sources */ = {isa = PBXBuildFile; fileRef = 2B828044253F36F000B3866C /* CharacterDetailRouter.swift */; };
		2B828049253F36F000B3866C /* CharacterDetailViewController.swift in Sources */ = {isa = PBXBuildFile; fileRef = 2B828045253F36F000B3866C /* CharacterDetailViewController.swift */; };
		2B82804A253F36F000B3866C /* CharacterDetailView.swift in Sources */ = {isa = PBXBuildFile; fileRef = 2B828046253F36F000B3866C /* CharacterDetailView.swift */; };
		2B82804D25403B2F00B3866C /* episodeTableViewCell.swift in Sources */ = {isa = PBXBuildFile; fileRef = 2B82804C25403B2E00B3866C /* episodeTableViewCell.swift */; };
		2B82805425407B3300B3866C /* EpisodeDetailPresenter.swift in Sources */ = {isa = PBXBuildFile; fileRef = 2B82805025407B3300B3866C /* EpisodeDetailPresenter.swift */; };
		2B82805525407B3300B3866C /* EpisodeDetailRouter.swift in Sources */ = {isa = PBXBuildFile; fileRef = 2B82805125407B3300B3866C /* EpisodeDetailRouter.swift */; };
		2B82805625407B3300B3866C /* EpisodeDetailViewController.swift in Sources */ = {isa = PBXBuildFile; fileRef = 2B82805225407B3300B3866C /* EpisodeDetailViewController.swift */; };
		2B82805725407B3300B3866C /* EpisodeDetailView.swift in Sources */ = {isa = PBXBuildFile; fileRef = 2B82805325407B3300B3866C /* EpisodeDetailView.swift */; };
		2B82805E254122AC00B3866C /* LocationDetailPresenter.swift in Sources */ = {isa = PBXBuildFile; fileRef = 2B82805A254122AC00B3866C /* LocationDetailPresenter.swift */; };
		2B82805F254122AC00B3866C /* LocationDetailRouter.swift in Sources */ = {isa = PBXBuildFile; fileRef = 2B82805B254122AC00B3866C /* LocationDetailRouter.swift */; };
		2B828060254122AC00B3866C /* LocationDetailViewController.swift in Sources */ = {isa = PBXBuildFile; fileRef = 2B82805C254122AC00B3866C /* LocationDetailViewController.swift */; };
		2B828061254122AC00B3866C /* LocationDetailView.swift in Sources */ = {isa = PBXBuildFile; fileRef = 2B82805D254122AC00B3866C /* LocationDetailView.swift */; };
		2B8280642541288800B3866C /* locationTableViewCell.swift in Sources */ = {isa = PBXBuildFile; fileRef = 2B8280632541288800B3866C /* locationTableViewCell.swift */; };
		41B7F8D00AB9C42AE5D9CBFD /* Pods_RickandMorty1.framework in Frameworks */ = {isa = PBXBuildFile; fileRef = 0BB61631F4111DF0CFC864B2 /* Pods_RickandMorty1.framework */; };
/* End PBXBuildFile section */

/* Begin PBXFileReference section */
		0BB61631F4111DF0CFC864B2 /* Pods_RickandMorty1.framework */ = {isa = PBXFileReference; explicitFileType = wrapper.framework; includeInIndex = 0; path = Pods_RickandMorty1.framework; sourceTree = BUILT_PRODUCTS_DIR; };
		2B802F9425448A0400E495FB /* LocationCollectionViewCell.swift */ = {isa = PBXFileReference; lastKnownFileType = sourcecode.swift; path = LocationCollectionViewCell.swift; sourceTree = "<group>"; };
		2B802F992545D42100E495FB /* LaunchScreen.storyboard */ = {isa = PBXFileReference; fileEncoding = 4; lastKnownFileType = file.storyboard; name = LaunchScreen.storyboard; path = ../../../../.Trash/LaunchScreen.storyboard; sourceTree = "<group>"; };
		2B802F9F2545DDF800E495FB /* EpisodeCollectionViewCell.swift */ = {isa = PBXFileReference; lastKnownFileType = sourcecode.swift; path = EpisodeCollectionViewCell.swift; sourceTree = "<group>"; };
		2B827F41253E8E5B00B3866C /* RickandMorty1.app */ = {isa = PBXFileReference; explicitFileType = wrapper.application; includeInIndex = 0; path = RickandMorty1.app; sourceTree = BUILT_PRODUCTS_DIR; };
		2B827F44253E8E5B00B3866C /* AppDelegate.swift */ = {isa = PBXFileReference; lastKnownFileType = sourcecode.swift; path = AppDelegate.swift; sourceTree = "<group>"; };
		2B827F48253E8E5B00B3866C /* ViewController.swift */ = {isa = PBXFileReference; lastKnownFileType = sourcecode.swift; path = ViewController.swift; sourceTree = "<group>"; };
		2B827F4D253E8E6600B3866C /* Assets.xcassets */ = {isa = PBXFileReference; lastKnownFileType = folder.assetcatalog; path = Assets.xcassets; sourceTree = "<group>"; };
		2B827F52253E8E6600B3866C /* Info.plist */ = {isa = PBXFileReference; lastKnownFileType = text.plist.xml; path = Info.plist; sourceTree = "<group>"; };
		2B827F66253E903D00B3866C /* BaseView.swift */ = {isa = PBXFileReference; fileEncoding = 4; lastKnownFileType = sourcecode.swift; name = BaseView.swift; path = ../../rickandmortycharacter/RickAndMorty/Commons/Bases/BaseView.swift; sourceTree = "<group>"; };
		2B827F67253E903D00B3866C /* BaseViewController.swift */ = {isa = PBXFileReference; fileEncoding = 4; lastKnownFileType = sourcecode.swift; name = BaseViewController.swift; path = ../../rickandmortycharacter/RickAndMorty/Commons/Bases/BaseViewController.swift; sourceTree = "<group>"; };
		2B827F68253E903D00B3866C /* BaseViewDisplayable.swift */ = {isa = PBXFileReference; fileEncoding = 4; lastKnownFileType = sourcecode.swift; name = BaseViewDisplayable.swift; path = ../../rickandmortycharacter/RickAndMorty/Commons/Bases/BaseViewDisplayable.swift; sourceTree = "<group>"; };
		2B827F69253E903D00B3866C /* BaseRouter.swift */ = {isa = PBXFileReference; fileEncoding = 4; lastKnownFileType = sourcecode.swift; name = BaseRouter.swift; path = ../../rickandmortycharacter/RickAndMorty/Commons/Bases/BaseRouter.swift; sourceTree = "<group>"; };
		2B827F6A253E903D00B3866C /* BaseScrollabelView.swift */ = {isa = PBXFileReference; fileEncoding = 4; lastKnownFileType = sourcecode.swift; name = BaseScrollabelView.swift; path = ../../rickandmortycharacter/RickAndMorty/Commons/Bases/BaseScrollabelView.swift; sourceTree = "<group>"; };
		2B827F6B253E903D00B3866C /* BaseAPIResponse.swift */ = {isa = PBXFileReference; fileEncoding = 4; lastKnownFileType = sourcecode.swift; name = BaseAPIResponse.swift; path = ../../rickandmortycharacter/RickAndMorty/Commons/Bases/BaseAPIResponse.swift; sourceTree = "<group>"; };
		2B827F96253E924100B3866C /* UIView+COOP.swift */ = {isa = PBXFileReference; fileEncoding = 4; lastKnownFileType = sourcecode.swift; name = "UIView+COOP.swift"; path = "../../rickandmortycharacter/RickAndMorty/Extensions/UIView+COOP.swift"; sourceTree = "<group>"; };
		2B827F97253E924100B3866C /* UITableView+COOP.swift */ = {isa = PBXFileReference; fileEncoding = 4; lastKnownFileType = sourcecode.swift; name = "UITableView+COOP.swift"; path = "../../rickandmortycharacter/RickAndMorty/Extensions/UITableView+COOP.swift"; sourceTree = "<group>"; };
		2B827F98253E924100B3866C /* SnapKit+COOP.swift */ = {isa = PBXFileReference; fileEncoding = 4; lastKnownFileType = sourcecode.swift; name = "SnapKit+COOP.swift"; path = "../../rickandmortycharacter/RickAndMorty/Extensions/SnapKit+COOP.swift"; sourceTree = "<group>"; };
		2B827F99253E924100B3866C /* UICollectionView+COOP.swift */ = {isa = PBXFileReference; fileEncoding = 4; lastKnownFileType = sourcecode.swift; name = "UICollectionView+COOP.swift"; path = "../../rickandmortycharacter/RickAndMorty/Extensions/UICollectionView+COOP.swift"; sourceTree = "<group>"; };
		2B827FA0253E927100B3866C /* ViewProperty.swift */ = {isa = PBXFileReference; fileEncoding = 4; lastKnownFileType = sourcecode.swift; name = ViewProperty.swift; path = ../../rickandmortycharacter/RickAndMorty/Configs/ViewProperty.swift; sourceTree = "<group>"; };
		2B827FA1253E927100B3866C /* ButtonProperty.swift */ = {isa = PBXFileReference; fileEncoding = 4; lastKnownFileType = sourcecode.swift; name = ButtonProperty.swift; path = ../../rickandmortycharacter/RickAndMorty/Configs/ButtonProperty.swift; sourceTree = "<group>"; };
		2B827FA2253E927100B3866C /* Spacing.swift */ = {isa = PBXFileReference; fileEncoding = 4; lastKnownFileType = sourcecode.swift; name = Spacing.swift; path = ../../rickandmortycharacter/RickAndMorty/Configs/Spacing.swift; sourceTree = "<group>"; };
		2B827FA3253E927100B3866C /* FontProperty.swift */ = {isa = PBXFileReference; fileEncoding = 4; lastKnownFileType = sourcecode.swift; name = FontProperty.swift; path = ../../rickandmortycharacter/RickAndMorty/Configs/FontProperty.swift; sourceTree = "<group>"; };
		2B827FBF253E95E800B3866C /* Label.swift */ = {isa = PBXFileReference; fileEncoding = 4; lastKnownFileType = sourcecode.swift; name = Label.swift; path = ../../../rickandmortycharacter/RickAndMorty/Components/Text/Label.swift; sourceTree = "<group>"; };
		2B827FC9253E981200B3866C /* CharacterModel.swift */ = {isa = PBXFileReference; lastKnownFileType = sourcecode.swift; path = CharacterModel.swift; sourceTree = "<group>"; };
		2B827FCC253E982100B3866C /* LocationModel.swift */ = {isa = PBXFileReference; lastKnownFileType = sourcecode.swift; path = LocationModel.swift; sourceTree = "<group>"; };
		2B827FCF253E983000B3866C /* EpisodeModel.swift */ = {isa = PBXFileReference; lastKnownFileType = sourcecode.swift; path = EpisodeModel.swift; sourceTree = "<group>"; };
		2B827FD2253E99AD00B3866C /* ApiProtoType.swift */ = {isa = PBXFileReference; lastKnownFileType = sourcecode.swift; path = ApiProtoType.swift; sourceTree = "<group>"; };
		2B827FD5253E9B0800B3866C /* ApiServiceProvider.swift */ = {isa = PBXFileReference; lastKnownFileType = sourcecode.swift; path = ApiServiceProvider.swift; sourceTree = "<group>"; };
		2B827FD8253E9B5800B3866C /* ApiProvider.swift */ = {isa = PBXFileReference; lastKnownFileType = sourcecode.swift; path = ApiProvider.swift; sourceTree = "<group>"; };
		2B827FDE253E9CE200B3866C /* SelectPresenter.swift */ = {isa = PBXFileReference; lastKnownFileType = sourcecode.swift; path = SelectPresenter.swift; sourceTree = "<group>"; };
		2B827FDF253E9CE200B3866C /* SelectRouter.swift */ = {isa = PBXFileReference; lastKnownFileType = sourcecode.swift; path = SelectRouter.swift; sourceTree = "<group>"; };
		2B827FE0253E9CE200B3866C /* SelectViewController.swift */ = {isa = PBXFileReference; lastKnownFileType = sourcecode.swift; path = SelectViewController.swift; sourceTree = "<group>"; };
		2B827FE1253E9CE200B3866C /* SelectView.swift */ = {isa = PBXFileReference; lastKnownFileType = sourcecode.swift; path = SelectView.swift; sourceTree = "<group>"; };
		2B827FEA253EC81200B3866C /* CharacterPresenter.swift */ = {isa = PBXFileReference; lastKnownFileType = sourcecode.swift; path = CharacterPresenter.swift; sourceTree = "<group>"; };
		2B827FEB253EC81200B3866C /* CharacterRouter.swift */ = {isa = PBXFileReference; lastKnownFileType = sourcecode.swift; path = CharacterRouter.swift; sourceTree = "<group>"; };
		2B827FEC253EC81200B3866C /* CharacterViewController.swift */ = {isa = PBXFileReference; lastKnownFileType = sourcecode.swift; path = CharacterViewController.swift; sourceTree = "<group>"; };
		2B827FED253EC81200B3866C /* CharacterView.swift */ = {isa = PBXFileReference; lastKnownFileType = sourcecode.swift; path = CharacterView.swift; sourceTree = "<group>"; };
		2B82800B253ECC8500B3866C /* LocationPresenter.swift */ = {isa = PBXFileReference; lastKnownFileType = sourcecode.swift; path = LocationPresenter.swift; sourceTree = "<group>"; };
		2B82800C253ECC8600B3866C /* LocationRouter.swift */ = {isa = PBXFileReference; lastKnownFileType = sourcecode.swift; path = LocationRouter.swift; sourceTree = "<group>"; };
		2B82800D253ECC8600B3866C /* LocationViewController.swift */ = {isa = PBXFileReference; lastKnownFileType = sourcecode.swift; path = LocationViewController.swift; sourceTree = "<group>"; };
		2B82800E253ECC8600B3866C /* LocationView.swift */ = {isa = PBXFileReference; lastKnownFileType = sourcecode.swift; path = LocationView.swift; sourceTree = "<group>"; };
		2B828014253ECC9500B3866C /* EpisodePresenter.swift */ = {isa = PBXFileReference; lastKnownFileType = sourcecode.swift; path = EpisodePresenter.swift; sourceTree = "<group>"; };
		2B828015253ECC9500B3866C /* EpisodeRouter.swift */ = {isa = PBXFileReference; lastKnownFileType = sourcecode.swift; path = EpisodeRouter.swift; sourceTree = "<group>"; };
		2B828016253ECC9500B3866C /* EpisodeViewController.swift */ = {isa = PBXFileReference; lastKnownFileType = sourcecode.swift; path = EpisodeViewController.swift; sourceTree = "<group>"; };
		2B828017253ECC9500B3866C /* EpisodeView.swift */ = {isa = PBXFileReference; lastKnownFileType = sourcecode.swift; path = EpisodeView.swift; sourceTree = "<group>"; };
		2B828036253EE07900B3866C /* View.swift */ = {isa = PBXFileReference; lastKnownFileType = sourcecode.swift; path = View.swift; sourceTree = "<group>"; };
		2B828039253EE0C800B3866C /* Botton.swift */ = {isa = PBXFileReference; lastKnownFileType = sourcecode.swift; path = Botton.swift; sourceTree = "<group>"; };
		2B82803E253EE42C00B3866C /* CharacterTableViewCell.swift */ = {isa = PBXFileReference; lastKnownFileType = sourcecode.swift; path = CharacterTableViewCell.swift; sourceTree = "<group>"; };
		2B828043253F36F000B3866C /* CharacterDetailPresenter.swift */ = {isa = PBXFileReference; lastKnownFileType = sourcecode.swift; path = CharacterDetailPresenter.swift; sourceTree = "<group>"; };
		2B828044253F36F000B3866C /* CharacterDetailRouter.swift */ = {isa = PBXFileReference; lastKnownFileType = sourcecode.swift; path = CharacterDetailRouter.swift; sourceTree = "<group>"; };
		2B828045253F36F000B3866C /* CharacterDetailViewController.swift */ = {isa = PBXFileReference; lastKnownFileType = sourcecode.swift; path = CharacterDetailViewController.swift; sourceTree = "<group>"; };
		2B828046253F36F000B3866C /* CharacterDetailView.swift */ = {isa = PBXFileReference; lastKnownFileType = sourcecode.swift; path = CharacterDetailView.swift; sourceTree = "<group>"; };
		2B82804C25403B2E00B3866C /* episodeTableViewCell.swift */ = {isa = PBXFileReference; lastKnownFileType = sourcecode.swift; path = episodeTableViewCell.swift; sourceTree = "<group>"; };
		2B82805025407B3300B3866C /* EpisodeDetailPresenter.swift */ = {isa = PBXFileReference; lastKnownFileType = sourcecode.swift; path = EpisodeDetailPresenter.swift; sourceTree = "<group>"; };
		2B82805125407B3300B3866C /* EpisodeDetailRouter.swift */ = {isa = PBXFileReference; lastKnownFileType = sourcecode.swift; path = EpisodeDetailRouter.swift; sourceTree = "<group>"; };
		2B82805225407B3300B3866C /* EpisodeDetailViewController.swift */ = {isa = PBXFileReference; lastKnownFileType = sourcecode.swift; path = EpisodeDetailViewController.swift; sourceTree = "<group>"; };
		2B82805325407B3300B3866C /* EpisodeDetailView.swift */ = {isa = PBXFileReference; lastKnownFileType = sourcecode.swift; path = EpisodeDetailView.swift; sourceTree = "<group>"; };
		2B82805A254122AC00B3866C /* LocationDetailPresenter.swift */ = {isa = PBXFileReference; lastKnownFileType = sourcecode.swift; path = LocationDetailPresenter.swift; sourceTree = "<group>"; };
		2B82805B254122AC00B3866C /* LocationDetailRouter.swift */ = {isa = PBXFileReference; lastKnownFileType = sourcecode.swift; path = LocationDetailRouter.swift; sourceTree = "<group>"; };
		2B82805C254122AC00B3866C /* LocationDetailViewController.swift */ = {isa = PBXFileReference; lastKnownFileType = sourcecode.swift; path = LocationDetailViewController.swift; sourceTree = "<group>"; };
		2B82805D254122AC00B3866C /* LocationDetailView.swift */ = {isa = PBXFileReference; lastKnownFileType = sourcecode.swift; path = LocationDetailView.swift; sourceTree = "<group>"; };
		2B8280632541288800B3866C /* locationTableViewCell.swift */ = {isa = PBXFileReference; lastKnownFileType = sourcecode.swift; path = locationTableViewCell.swift; sourceTree = "<group>"; };
		442B17232A4EE1822895F3EE /* Pods-RickandMorty1.debug.xcconfig */ = {isa = PBXFileReference; includeInIndex = 1; lastKnownFileType = text.xcconfig; name = "Pods-RickandMorty1.debug.xcconfig"; path = "Target Support Files/Pods-RickandMorty1/Pods-RickandMorty1.debug.xcconfig"; sourceTree = "<group>"; };
		F0EA16192F6A73DA0B66DA97 /* Pods-RickandMorty1.release.xcconfig */ = {isa = PBXFileReference; includeInIndex = 1; lastKnownFileType = text.xcconfig; name = "Pods-RickandMorty1.release.xcconfig"; path = "Target Support Files/Pods-RickandMorty1/Pods-RickandMorty1.release.xcconfig"; sourceTree = "<group>"; };
/* End PBXFileReference section */

/* Begin PBXFrameworksBuildPhase section */
		2B827F3E253E8E5B00B3866C /* Frameworks */ = {
			isa = PBXFrameworksBuildPhase;
			buildActionMask = 2147483647;
			files = (
				41B7F8D00AB9C42AE5D9CBFD /* Pods_RickandMorty1.framework in Frameworks */,
			);
			runOnlyForDeploymentPostprocessing = 0;
		};
/* End PBXFrameworksBuildPhase section */

/* Begin PBXGroup section */
		2B827F38253E8E5B00B3866C = {
			isa = PBXGroup;
			children = (
				2B827FE8253EC7C600B3866C /* Character */,
				2B827FF4253ECBC900B3866C /* Location */,
				2B827FFF253ECBFB00B3866C /* Episode */,
				2B827FDD253E9CB700B3866C /* SelectData */,
				2B827FC7253E97DF00B3866C /* APIService */,
				2B827FB9253E93C800B3866C /* Component */,
				2B827F9F253E924700B3866C /* Config */,
				2B827F95253E922E00B3866C /* Extension */,
				2B827F60253E8F0A00B3866C /* Base */,
				2B827F43253E8E5B00B3866C /* RickandMorty1 */,
				2B827F42253E8E5B00B3866C /* Products */,
				4F0CAC35BBED148238C86A16 /* Pods */,
				559FD924B04992E073A80DAD /* Frameworks */,
			);
			sourceTree = "<group>";
		};
		2B827F42253E8E5B00B3866C /* Products */ = {
			isa = PBXGroup;
			children = (
				2B827F41253E8E5B00B3866C /* RickandMorty1.app */,
			);
			name = Products;
			sourceTree = "<group>";
		};
		2B827F43253E8E5B00B3866C /* RickandMorty1 */ = {
			isa = PBXGroup;
			children = (
				2B827F44253E8E5B00B3866C /* AppDelegate.swift */,
				2B827F48253E8E5B00B3866C /* ViewController.swift */,
				2B827F4D253E8E6600B3866C /* Assets.xcassets */,
				2B802F992545D42100E495FB /* LaunchScreen.storyboard */,
				2B827F52253E8E6600B3866C /* Info.plist */,
			);
			path = RickandMorty1;
			sourceTree = "<group>";
		};
		2B827F60253E8F0A00B3866C /* Base */ = {
			isa = PBXGroup;
			children = (
				2B827F6B253E903D00B3866C /* BaseAPIResponse.swift */,
				2B827F69253E903D00B3866C /* BaseRouter.swift */,
				2B827F6A253E903D00B3866C /* BaseScrollabelView.swift */,
				2B827F66253E903D00B3866C /* BaseView.swift */,
				2B827F67253E903D00B3866C /* BaseViewController.swift */,
				2B827F68253E903D00B3866C /* BaseViewDisplayable.swift */,
			);
			path = Base;
			sourceTree = "<group>";
		};
		2B827F95253E922E00B3866C /* Extension */ = {
			isa = PBXGroup;
			children = (
				2B827F98253E924100B3866C /* SnapKit+COOP.swift */,
				2B827F99253E924100B3866C /* UICollectionView+COOP.swift */,
				2B827F97253E924100B3866C /* UITableView+COOP.swift */,
				2B827F96253E924100B3866C /* UIView+COOP.swift */,
			);
			path = Extension;
			sourceTree = "<group>";
		};
		2B827F9F253E924700B3866C /* Config */ = {
			isa = PBXGroup;
			children = (
				2B827FA1253E927100B3866C /* ButtonProperty.swift */,
				2B827FA3253E927100B3866C /* FontProperty.swift */,
				2B827FA2253E927100B3866C /* Spacing.swift */,
				2B827FA0253E927100B3866C /* ViewProperty.swift */,
			);
			path = Config;
			sourceTree = "<group>";
		};
		2B827FA9253E927800B3866C /* Text */ = {
			isa = PBXGroup;
			children = (
				2B827FBF253E95E800B3866C /* Label.swift */,
			);
			path = Text;
			sourceTree = "<group>";
		};
		2B827FB9253E93C800B3866C /* Component */ = {
			isa = PBXGroup;
			children = (
				2B827FBB253E95AD00B3866C /* View */,
				2B827FBA253E941800B3866C /* Botton */,
				2B827FA9253E927800B3866C /* Text */,
			);
			path = Component;
			sourceTree = "<group>";
		};
		2B827FBA253E941800B3866C /* Botton */ = {
			isa = PBXGroup;
			children = (
				2B828039253EE0C800B3866C /* Botton.swift */,
			);
			path = Botton;
			sourceTree = "<group>";
		};
		2B827FBB253E95AD00B3866C /* View */ = {
			isa = PBXGroup;
			children = (
				2B828036253EE07900B3866C /* View.swift */,
			);
			path = View;
			sourceTree = "<group>";
		};
		2B827FC7253E97DF00B3866C /* APIService */ = {
			isa = PBXGroup;
			children = (
				2B827FD5253E9B0800B3866C /* ApiServiceProvider.swift */,
				2B827FD2253E99AD00B3866C /* ApiProtoType.swift */,
				2B827FD8253E9B5800B3866C /* ApiProvider.swift */,
				2B827FC8253E97EC00B3866C /* Model */,
			);
			path = APIService;
			sourceTree = "<group>";
		};
		2B827FC8253E97EC00B3866C /* Model */ = {
			isa = PBXGroup;
			children = (
				2B827FC9253E981200B3866C /* CharacterModel.swift */,
				2B827FCC253E982100B3866C /* LocationModel.swift */,
				2B827FCF253E983000B3866C /* EpisodeModel.swift */,
			);
			path = Model;
			sourceTree = "<group>";
		};
		2B827FDD253E9CB700B3866C /* SelectData */ = {
			isa = PBXGroup;
			children = (
				2B827FDE253E9CE200B3866C /* SelectPresenter.swift */,
				2B827FDF253E9CE200B3866C /* SelectRouter.swift */,
				2B827FE0253E9CE200B3866C /* SelectViewController.swift */,
				2B827FE1253E9CE200B3866C /* SelectView.swift */,
			);
			path = SelectData;
			sourceTree = "<group>";
		};
		2B827FE8253EC7C600B3866C /* Character */ = {
			isa = PBXGroup;
			children = (
				2B827FEA253EC81200B3866C /* CharacterPresenter.swift */,
				2B827FEB253EC81200B3866C /* CharacterRouter.swift */,
				2B827FEC253EC81200B3866C /* CharacterViewController.swift */,
				2B827FED253EC81200B3866C /* CharacterView.swift */,
				2B82803E253EE42C00B3866C /* CharacterTableViewCell.swift */,
				2B827FE9253EC7DC00B3866C /* CharacterDetails */,
			);
			path = Character;
			sourceTree = "<group>";
		};
		2B827FE9253EC7DC00B3866C /* CharacterDetails */ = {
			isa = PBXGroup;
			children = (
				2B828043253F36F000B3866C /* CharacterDetailPresenter.swift */,
				2B828044253F36F000B3866C /* CharacterDetailRouter.swift */,
				2B828045253F36F000B3866C /* CharacterDetailViewController.swift */,
				2B828046253F36F000B3866C /* CharacterDetailView.swift */,
			);
			path = CharacterDetails;
			sourceTree = "<group>";
		};
		2B827FF4253ECBC900B3866C /* Location */ = {
			isa = PBXGroup;
			children = (
				2B82800B253ECC8500B3866C /* LocationPresenter.swift */,
				2B82800C253ECC8600B3866C /* LocationRouter.swift */,
				2B82800D253ECC8600B3866C /* LocationViewController.swift */,
				2B82800E253ECC8600B3866C /* LocationView.swift */,
				2B8280632541288800B3866C /* locationTableViewCell.swift */,
				2B8280592541228D00B3866C /* LocationDetail */,
			);
			path = Location;
			sourceTree = "<group>";
		};
		2B827FFF253ECBFB00B3866C /* Episode */ = {
			isa = PBXGroup;
			children = (
				2B828014253ECC9500B3866C /* EpisodePresenter.swift */,
				2B828015253ECC9500B3866C /* EpisodeRouter.swift */,
				2B828016253ECC9500B3866C /* EpisodeViewController.swift */,
				2B828017253ECC9500B3866C /* EpisodeView.swift */,
				2B82804C25403B2E00B3866C /* episodeTableViewCell.swift */,
				2B82804F25407B0300B3866C /* EpisodeDetail */,
			);
			path = Episode;
			sourceTree = "<group>";
		};
		2B82804F25407B0300B3866C /* EpisodeDetail */ = {
			isa = PBXGroup;
			children = (
				2B82805025407B3300B3866C /* EpisodeDetailPresenter.swift */,
				2B82805125407B3300B3866C /* EpisodeDetailRouter.swift */,
				2B82805225407B3300B3866C /* EpisodeDetailViewController.swift */,
				2B82805325407B3300B3866C /* EpisodeDetailView.swift */,
				2B802F9F2545DDF800E495FB /* EpisodeCollectionViewCell.swift */,
			);
			path = EpisodeDetail;
			sourceTree = "<group>";
		};
		2B8280592541228D00B3866C /* LocationDetail */ = {
			isa = PBXGroup;
			children = (
				2B82805A254122AC00B3866C /* LocationDetailPresenter.swift */,
				2B82805B254122AC00B3866C /* LocationDetailRouter.swift */,
				2B82805C254122AC00B3866C /* LocationDetailViewController.swift */,
				2B82805D254122AC00B3866C /* LocationDetailView.swift */,
				2B802F9425448A0400E495FB /* LocationCollectionViewCell.swift */,
			);
			path = LocationDetail;
			sourceTree = "<group>";
		};
		4F0CAC35BBED148238C86A16 /* Pods */ = {
			isa = PBXGroup;
			children = (
				442B17232A4EE1822895F3EE /* Pods-RickandMorty1.debug.xcconfig */,
				F0EA16192F6A73DA0B66DA97 /* Pods-RickandMorty1.release.xcconfig */,
			);
			path = Pods;
			sourceTree = "<group>";
		};
		559FD924B04992E073A80DAD /* Frameworks */ = {
			isa = PBXGroup;
			children = (
				0BB61631F4111DF0CFC864B2 /* Pods_RickandMorty1.framework */,
			);
			name = Frameworks;
			sourceTree = "<group>";
		};
/* End PBXGroup section */

/* Begin PBXNativeTarget section */
		2B827F40253E8E5B00B3866C /* RickandMorty1 */ = {
			isa = PBXNativeTarget;
			buildConfigurationList = 2B827F55253E8E6600B3866C /* Build configuration list for PBXNativeTarget "RickandMorty1" */;
			buildPhases = (
				7FB51F1A2CBD6C8C7B835AC3 /* [CP] Check Pods Manifest.lock */,
				2B827F3D253E8E5B00B3866C /* Sources */,
				2B827F3E253E8E5B00B3866C /* Frameworks */,
				2B827F3F253E8E5B00B3866C /* Resources */,
				ED8561A56871243CE2CBCF3C /* [CP] Embed Pods Frameworks */,
			);
			buildRules = (
			);
			dependencies = (
			);
			name = RickandMorty1;
			productName = RickandMorty1;
			productReference = 2B827F41253E8E5B00B3866C /* RickandMorty1.app */;
			productType = "com.apple.product-type.application";
		};
/* End PBXNativeTarget section */

/* Begin PBXProject section */
		2B827F39253E8E5B00B3866C /* Project object */ = {
			isa = PBXProject;
			attributes = {
				LastSwiftUpdateCheck = 1200;
				LastUpgradeCheck = 1200;
				TargetAttributes = {
					2B827F40253E8E5B00B3866C = {
						CreatedOnToolsVersion = 12.0;
					};
				};
			};
			buildConfigurationList = 2B827F3C253E8E5B00B3866C /* Build configuration list for PBXProject "RickandMorty1" */;
			compatibilityVersion = "Xcode 9.3";
			developmentRegion = en;
			hasScannedForEncodings = 0;
			knownRegions = (
				en,
				Base,
			);
			mainGroup = 2B827F38253E8E5B00B3866C;
			productRefGroup = 2B827F42253E8E5B00B3866C /* Products */;
			projectDirPath = "";
			projectRoot = "";
			targets = (
				2B827F40253E8E5B00B3866C /* RickandMorty1 */,
			);
		};
/* End PBXProject section */

/* Begin PBXResourcesBuildPhase section */
		2B827F3F253E8E5B00B3866C /* Resources */ = {
			isa = PBXResourcesBuildPhase;
			buildActionMask = 2147483647;
			files = (
				2B827F4E253E8E6600B3866C /* Assets.xcassets in Resources */,
				2B802F9A2545D42100E495FB /* LaunchScreen.storyboard in Resources */,
			);
			runOnlyForDeploymentPostprocessing = 0;
		};
/* End PBXResourcesBuildPhase section */

/* Begin PBXShellScriptBuildPhase section */
		7FB51F1A2CBD6C8C7B835AC3 /* [CP] Check Pods Manifest.lock */ = {
			isa = PBXShellScriptBuildPhase;
			buildActionMask = 2147483647;
			files = (
			);
			inputFileListPaths = (
			);
			inputPaths = (
				"${PODS_PODFILE_DIR_PATH}/Podfile.lock",
				"${PODS_ROOT}/Manifest.lock",
			);
			name = "[CP] Check Pods Manifest.lock";
			outputFileListPaths = (
			);
			outputPaths = (
				"$(DERIVED_FILE_DIR)/Pods-RickandMorty1-checkManifestLockResult.txt",
			);
			runOnlyForDeploymentPostprocessing = 0;
			shellPath = /bin/sh;
			shellScript = "diff \"${PODS_PODFILE_DIR_PATH}/Podfile.lock\" \"${PODS_ROOT}/Manifest.lock\" > /dev/null\nif [ $? != 0 ] ; then\n    # print error to STDERR\n    echo \"error: The sandbox is not in sync with the Podfile.lock. Run 'pod install' or update your CocoaPods installation.\" >&2\n    exit 1\nfi\n# This output is used by Xcode 'outputs' to avoid re-running this script phase.\necho \"SUCCESS\" > \"${SCRIPT_OUTPUT_FILE_0}\"\n";
			showEnvVarsInLog = 0;
		};
		ED8561A56871243CE2CBCF3C /* [CP] Embed Pods Frameworks */ = {
			isa = PBXShellScriptBuildPhase;
			buildActionMask = 2147483647;
			files = (
			);
			inputFileListPaths = (
				"${PODS_ROOT}/Target Support Files/Pods-RickandMorty1/Pods-RickandMorty1-frameworks-${CONFIGURATION}-input-files.xcfilelist",
			);
			name = "[CP] Embed Pods Frameworks";
			outputFileListPaths = (
				"${PODS_ROOT}/Target Support Files/Pods-RickandMorty1/Pods-RickandMorty1-frameworks-${CONFIGURATION}-output-files.xcfilelist",
			);
			runOnlyForDeploymentPostprocessing = 0;
			shellPath = /bin/sh;
			shellScript = "\"${PODS_ROOT}/Target Support Files/Pods-RickandMorty1/Pods-RickandMorty1-frameworks.sh\"\n";
			showEnvVarsInLog = 0;
		};
/* End PBXShellScriptBuildPhase section */

/* Begin PBXSourcesBuildPhase section */
		2B827F3D253E8E5B00B3866C /* Sources */ = {
			isa = PBXSourcesBuildPhase;
			buildActionMask = 2147483647;
			files = (
				2B827F6D253E903D00B3866C /* BaseViewController.swift in Sources */,
				2B82805F254122AC00B3866C /* LocationDetailRouter.swift in Sources */,
				2B827FCA253E981200B3866C /* CharacterModel.swift in Sources */,
				2B82804D25403B2F00B3866C /* episodeTableViewCell.swift in Sources */,
				2B827F9A253E924100B3866C /* UIView+COOP.swift in Sources */,
				2B82800F253ECC8600B3866C /* LocationPresenter.swift in Sources */,
				2B827F49253E8E5B00B3866C /* ViewController.swift in Sources */,
				2B82805725407B3300B3866C /* EpisodeDetailView.swift in Sources */,
				2B827FF0253EC81200B3866C /* CharacterViewController.swift in Sources */,
				2B82805E254122AC00B3866C /* LocationDetailPresenter.swift in Sources */,
				2B82803A253EE0C800B3866C /* Botton.swift in Sources */,
				2B827FA7253E927100B3866C /* FontProperty.swift in Sources */,
				2B802FA02545DDF800E495FB /* EpisodeCollectionViewCell.swift in Sources */,
				2B827FD0253E983000B3866C /* EpisodeModel.swift in Sources */,
				2B828061254122AC00B3866C /* LocationDetailView.swift in Sources */,
				2B827FEE253EC81200B3866C /* CharacterPresenter.swift in Sources */,
				2B827F9C253E924100B3866C /* SnapKit+COOP.swift in Sources */,
				2B827F71253E903D00B3866C /* BaseAPIResponse.swift in Sources */,
				2B827F6F253E903D00B3866C /* BaseRouter.swift in Sources */,
				2B827F45253E8E5B00B3866C /* AppDelegate.swift in Sources */,
				2B82805625407B3300B3866C /* EpisodeDetailViewController.swift in Sources */,
				2B82801A253ECC9500B3866C /* EpisodeViewController.swift in Sources */,
				2B827FC0253E95E800B3866C /* Label.swift in Sources */,
				2B828012253ECC8600B3866C /* LocationView.swift in Sources */,
				2B828011253ECC8600B3866C /* LocationViewController.swift in Sources */,
				2B827F70253E903D00B3866C /* BaseScrollabelView.swift in Sources */,
				2B827FF1253EC81200B3866C /* CharacterView.swift in Sources */,
				2B827FE3253E9CE200B3866C /* SelectRouter.swift in Sources */,
				2B827F9B253E924100B3866C /* UITableView+COOP.swift in Sources */,
				2B82805525407B3300B3866C /* EpisodeDetailRouter.swift in Sources */,
				2B827F9D253E924100B3866C /* UICollectionView+COOP.swift in Sources */,
				2B828048253F36F000B3866C /* CharacterDetailRouter.swift in Sources */,
				2B827FE2253E9CE200B3866C /* SelectPresenter.swift in Sources */,
				2B828049253F36F000B3866C /* CharacterDetailViewController.swift in Sources */,
				2B827FE5253E9CE200B3866C /* SelectView.swift in Sources */,
				2B8280642541288800B3866C /* locationTableViewCell.swift in Sources */,
				2B827F6E253E903D00B3866C /* BaseViewDisplayable.swift in Sources */,
				2B827FD6253E9B0800B3866C /* ApiServiceProvider.swift in Sources */,
				2B827FA5253E927100B3866C /* ButtonProperty.swift in Sources */,
				2B828047253F36F000B3866C /* CharacterDetailPresenter.swift in Sources */,
				2B827FA6253E927100B3866C /* Spacing.swift in Sources */,
				2B82803F253EE42C00B3866C /* CharacterTableViewCell.swift in Sources */,
				2B82801B253ECC9500B3866C /* EpisodeView.swift in Sources */,
				2B828060254122AC00B3866C /* LocationDetailViewController.swift in Sources */,
				2B828010253ECC8600B3866C /* LocationRouter.swift in Sources */,
				2B802F9525448A0400E495FB /* LocationCollectionViewCell.swift in Sources */,
				2B82804A253F36F000B3866C /* CharacterDetailView.swift in Sources */,
				2B827F6C253E903D00B3866C /* BaseView.swift in Sources */,
				2B827FCD253E982100B3866C /* LocationModel.swift in Sources */,
				2B828037253EE07900B3866C /* View.swift in Sources */,
				2B828019253ECC9500B3866C /* EpisodeRouter.swift in Sources */,
				2B827FE4253E9CE200B3866C /* SelectViewController.swift in Sources */,
				2B827FD9253E9B5900B3866C /* ApiProvider.swift in Sources */,
				2B82805425407B3300B3866C /* EpisodeDetailPresenter.swift in Sources */,
				2B828018253ECC9500B3866C /* EpisodePresenter.swift in Sources */,
				2B827FD3253E99AD00B3866C /* ApiProtoType.swift in Sources */,
				2B827FA4253E927100B3866C /* ViewProperty.swift in Sources */,
				2B827FEF253EC81200B3866C /* CharacterRouter.swift in Sources */,
			);
			runOnlyForDeploymentPostprocessing = 0;
		};
/* End PBXSourcesBuildPhase section */

/* Begin XCBuildConfiguration section */
		2B827F53253E8E6600B3866C /* Debug */ = {
			isa = XCBuildConfiguration;
			buildSettings = {
				ALWAYS_SEARCH_USER_PATHS = NO;
				CLANG_ANALYZER_NONNULL = YES;
				CLANG_ANALYZER_NUMBER_OBJECT_CONVERSION = YES_AGGRESSIVE;
				CLANG_CXX_LANGUAGE_STANDARD = "gnu++14";
				CLANG_CXX_LIBRARY = "libc++";
				CLANG_ENABLE_MODULES = YES;
				CLANG_ENABLE_OBJC_ARC = YES;
				CLANG_ENABLE_OBJC_WEAK = YES;
				CLANG_WARN_BLOCK_CAPTURE_AUTORELEASING = YES;
				CLANG_WARN_BOOL_CONVERSION = YES;
				CLANG_WARN_COMMA = YES;
				CLANG_WARN_CONSTANT_CONVERSION = YES;
				CLANG_WARN_DEPRECATED_OBJC_IMPLEMENTATIONS = YES;
				CLANG_WARN_DIRECT_OBJC_ISA_USAGE = YES_ERROR;
				CLANG_WARN_DOCUMENTATION_COMMENTS = YES;
				CLANG_WARN_EMPTY_BODY = YES;
				CLANG_WARN_ENUM_CONVERSION = YES;
				CLANG_WARN_INFINITE_RECURSION = YES;
				CLANG_WARN_INT_CONVERSION = YES;
				CLANG_WARN_NON_LITERAL_NULL_CONVERSION = YES;
				CLANG_WARN_OBJC_IMPLICIT_RETAIN_SELF = YES;
				CLANG_WARN_OBJC_LITERAL_CONVERSION = YES;
				CLANG_WARN_OBJC_ROOT_CLASS = YES_ERROR;
				CLANG_WARN_QUOTED_INCLUDE_IN_FRAMEWORK_HEADER = YES;
				CLANG_WARN_RANGE_LOOP_ANALYSIS = YES;
				CLANG_WARN_STRICT_PROTOTYPES = YES;
				CLANG_WARN_SUSPICIOUS_MOVE = YES;
				CLANG_WARN_UNGUARDED_AVAILABILITY = YES_AGGRESSIVE;
				CLANG_WARN_UNREACHABLE_CODE = YES;
				CLANG_WARN__DUPLICATE_METHOD_MATCH = YES;
				COPY_PHASE_STRIP = NO;
				DEBUG_INFORMATION_FORMAT = dwarf;
				ENABLE_STRICT_OBJC_MSGSEND = YES;
				ENABLE_TESTABILITY = YES;
				GCC_C_LANGUAGE_STANDARD = gnu11;
				GCC_DYNAMIC_NO_PIC = NO;
				GCC_NO_COMMON_BLOCKS = YES;
				GCC_OPTIMIZATION_LEVEL = 0;
				GCC_PREPROCESSOR_DEFINITIONS = (
					"DEBUG=1",
					"$(inherited)",
				);
				GCC_WARN_64_TO_32_BIT_CONVERSION = YES;
				GCC_WARN_ABOUT_RETURN_TYPE = YES_ERROR;
				GCC_WARN_UNDECLARED_SELECTOR = YES;
				GCC_WARN_UNINITIALIZED_AUTOS = YES_AGGRESSIVE;
				GCC_WARN_UNUSED_FUNCTION = YES;
				GCC_WARN_UNUSED_VARIABLE = YES;
				IPHONEOS_DEPLOYMENT_TARGET = 14.0;
				MTL_ENABLE_DEBUG_INFO = INCLUDE_SOURCE;
				MTL_FAST_MATH = YES;
				ONLY_ACTIVE_ARCH = YES;
				SDKROOT = iphoneos;
				SWIFT_ACTIVE_COMPILATION_CONDITIONS = DEBUG;
				SWIFT_OPTIMIZATION_LEVEL = "-Onone";
			};
			name = Debug;
		};
		2B827F54253E8E6600B3866C /* Release */ = {
			isa = XCBuildConfiguration;
			buildSettings = {
				ALWAYS_SEARCH_USER_PATHS = NO;
				CLANG_ANALYZER_NONNULL = YES;
				CLANG_ANALYZER_NUMBER_OBJECT_CONVERSION = YES_AGGRESSIVE;
				CLANG_CXX_LANGUAGE_STANDARD = "gnu++14";
				CLANG_CXX_LIBRARY = "libc++";
				CLANG_ENABLE_MODULES = YES;
				CLANG_ENABLE_OBJC_ARC = YES;
				CLANG_ENABLE_OBJC_WEAK = YES;
				CLANG_WARN_BLOCK_CAPTURE_AUTORELEASING = YES;
				CLANG_WARN_BOOL_CONVERSION = YES;
				CLANG_WARN_COMMA = YES;
				CLANG_WARN_CONSTANT_CONVERSION = YES;
				CLANG_WARN_DEPRECATED_OBJC_IMPLEMENTATIONS = YES;
				CLANG_WARN_DIRECT_OBJC_ISA_USAGE = YES_ERROR;
				CLANG_WARN_DOCUMENTATION_COMMENTS = YES;
				CLANG_WARN_EMPTY_BODY = YES;
				CLANG_WARN_ENUM_CONVERSION = YES;
				CLANG_WARN_INFINITE_RECURSION = YES;
				CLANG_WARN_INT_CONVERSION = YES;
				CLANG_WARN_NON_LITERAL_NULL_CONVERSION = YES;
				CLANG_WARN_OBJC_IMPLICIT_RETAIN_SELF = YES;
				CLANG_WARN_OBJC_LITERAL_CONVERSION = YES;
				CLANG_WARN_OBJC_ROOT_CLASS = YES_ERROR;
				CLANG_WARN_QUOTED_INCLUDE_IN_FRAMEWORK_HEADER = YES;
				CLANG_WARN_RANGE_LOOP_ANALYSIS = YES;
				CLANG_WARN_STRICT_PROTOTYPES = YES;
				CLANG_WARN_SUSPICIOUS_MOVE = YES;
				CLANG_WARN_UNGUARDED_AVAILABILITY = YES_AGGRESSIVE;
				CLANG_WARN_UNREACHABLE_CODE = YES;
				CLANG_WARN__DUPLICATE_METHOD_MATCH = YES;
				COPY_PHASE_STRIP = NO;
				DEBUG_INFORMATION_FORMAT = "dwarf-with-dsym";
				ENABLE_NS_ASSERTIONS = NO;
				ENABLE_STRICT_OBJC_MSGSEND = YES;
				GCC_C_LANGUAGE_STANDARD = gnu11;
				GCC_NO_COMMON_BLOCKS = YES;
				GCC_WARN_64_TO_32_BIT_CONVERSION = YES;
				GCC_WARN_ABOUT_RETURN_TYPE = YES_ERROR;
				GCC_WARN_UNDECLARED_SELECTOR = YES;
				GCC_WARN_UNINITIALIZED_AUTOS = YES_AGGRESSIVE;
				GCC_WARN_UNUSED_FUNCTION = YES;
				GCC_WARN_UNUSED_VARIABLE = YES;
				IPHONEOS_DEPLOYMENT_TARGET = 14.0;
				MTL_ENABLE_DEBUG_INFO = NO;
				MTL_FAST_MATH = YES;
				SDKROOT = iphoneos;
				SWIFT_COMPILATION_MODE = wholemodule;
				SWIFT_OPTIMIZATION_LEVEL = "-O";
				VALIDATE_PRODUCT = YES;
			};
			name = Release;
		};
		2B827F56253E8E6600B3866C /* Debug */ = {
			isa = XCBuildConfiguration;
			baseConfigurationReference = 442B17232A4EE1822895F3EE /* Pods-RickandMorty1.debug.xcconfig */;
			buildSettings = {
				ASSETCATALOG_COMPILER_APPICON_NAME = AppIcon;
				ASSETCATALOG_COMPILER_GLOBAL_ACCENT_COLOR_NAME = AccentColor;
				CODE_SIGN_STYLE = Automatic;
				INFOPLIST_FILE = RickandMorty1/Info.plist;
				LD_RUNPATH_SEARCH_PATHS = (
					"$(inherited)",
					"@executable_path/Frameworks",
				);
				PRODUCT_BUNDLE_IDENTIFIER = Vlll.RickandMorty1;
				PRODUCT_NAME = "$(TARGET_NAME)";
				SWIFT_VERSION = 5.0;
				TARGETED_DEVICE_FAMILY = "1,2";
			};
			name = Debug;
		};
		2B827F57253E8E6600B3866C /* Release */ = {
			isa = XCBuildConfiguration;
			baseConfigurationReference = F0EA16192F6A73DA0B66DA97 /* Pods-RickandMorty1.release.xcconfig */;
			buildSettings = {
				ASSETCATALOG_COMPILER_APPICON_NAME = AppIcon;
				ASSETCATALOG_COMPILER_GLOBAL_ACCENT_COLOR_NAME = AccentColor;
				CODE_SIGN_STYLE = Automatic;
				INFOPLIST_FILE = RickandMorty1/Info.plist;
				LD_RUNPATH_SEARCH_PATHS = (
					"$(inherited)",
					"@executable_path/Frameworks",
				);
				PRODUCT_BUNDLE_IDENTIFIER = Vlll.RickandMorty1;
				PRODUCT_NAME = "$(TARGET_NAME)";
				SWIFT_VERSION = 5.0;
				TARGETED_DEVICE_FAMILY = "1,2";
			};
			name = Release;
		};
/* End XCBuildConfiguration section */

/* Begin XCConfigurationList section */
		2B827F3C253E8E5B00B3866C /* Build configuration list for PBXProject "RickandMorty1" */ = {
			isa = XCConfigurationList;
			buildConfigurations = (
				2B827F53253E8E6600B3866C /* Debug */,
				2B827F54253E8E6600B3866C /* Release */,
			);
			defaultConfigurationIsVisible = 0;
			defaultConfigurationName = Release;
		};
		2B827F55253E8E6600B3866C /* Build configuration list for PBXNativeTarget "RickandMorty1" */ = {
			isa = XCConfigurationList;
			buildConfigurations = (
				2B827F56253E8E6600B3866C /* Debug */,
				2B827F57253E8E6600B3866C /* Release */,
			);
			defaultConfigurationIsVisible = 0;
			defaultConfigurationName = Release;
		};
/* End XCConfigurationList section */
	};
	rootObject = 2B827F39253E8E5B00B3866C /* Project object */;
}
